
Microsoft Visual Studio Solution File, Format Version 12.00
# Visual Studio Version 17
VisualStudioVersion = 17.8.34330.188
MinimumVisualStudioVersion = 10.0.40219.1
Project("{FAE04EC0-301F-11D3-BF4B-00C04F79EFBC}") = "assignment2", "assignment2\assignment2.csproj", "{3DA4169E-7BDB-4C23-B406-05C2D15F9868}"
EndProject
Project("{FAE04EC0-301F-11D3-BF4B-00C04F79EFBC}") = "ClassLibrary1", "ClassLibrary1\ClassLibrary1.csproj", "{DAB64208-10C5-48A9-B670-DECC7FCDCEA5}"
EndProject
Global
	GlobalSection(SolutionConfigurationPlatforms) = preSolution
		Debug|Any CPU = Debug|Any CPU
		Release|Any CPU = Release|Any CPU
	EndGlobalSection
	GlobalSection(ProjectConfigurationPlatforms) = postSolution
		{3DA4169E-7BDB-4C23-B406-05C2D15F9868}.Debug|Any CPU.ActiveCfg = Debug|Any CPU
		{3DA4169E-7BDB-4C23-B406-05C2D15F9868}.Debug|Any CPU.Build.0 = Debug|Any CPU
		{3DA4169E-7BDB-4C23-B406-05C2D15F9868}.Release|Any CPU.ActiveCfg = Release|Any CPU
		{3DA4169E-7BDB-4C23-B406-05C2D15F9868}.Release|Any CPU.Build.0 = Release|Any CPU
		{DAB64208-10C5-48A9-B670-DECC7FCDCEA5}.Debug|Any CPU.ActiveCfg = Debug|Any CPU
		{DAB64208-10C5-48A9-B670-DECC7FCDCEA5}.Debug|Any CPU.Build.0 = Debug|Any CPU
		{DAB64208-10C5-48A9-B670-DECC7FCDCEA5}.Release|Any CPU.ActiveCfg = Release|Any CPU
		{DAB64208-10C5-48A9-B670-DECC7FCDCEA5}.Release|Any CPU.Build.0 = Release|Any CPU
	EndGlobalSection
	GlobalSection(SolutionProperties) = preSolution
		HideSolutionNode = FALSE
	EndGlobalSection
	GlobalSection(ExtensibilityGlobals) = postSolution
		SolutionGuid = {9115A259-5A44-49E8-BDD8-71D34AB60A97}
	EndGlobalSection
EndGlobal
